
Microsoft Visual Studio Solution File, Format Version 12.00
# Visual Studio Version 17
VisualStudioVersion = 17.11.35327.3
MinimumVisualStudioVersion = 10.0.40219.1
Project("{FAE04EC0-301F-11D3-BF4B-00C04F79EFBC}") = "WebApplication1", "WebApplication1.csproj", "{B199E5BB-CF1E-468E-95EE-A3AFB294F316}"
EndProject
Global
	GlobalSection(SolutionConfigurationPlatforms) = preSolution
		Debug|Any CPU = Debug|Any CPU
		Release|Any CPU = Release|Any CPU
	EndGlobalSection
	GlobalSection(ProjectConfigurationPlatforms) = postSolution
		{B199E5BB-CF1E-468E-95EE-A3AFB294F316}.Debug|Any CPU.ActiveCfg = Debug|Any CPU
		{B199E5BB-CF1E-468E-95EE-A3AFB294F316}.Debug|Any CPU.Build.0 = Debug|Any CPU
		{B199E5BB-CF1E-468E-95EE-A3AFB294F316}.Release|Any CPU.ActiveCfg = Release|Any CPU
		{B199E5BB-CF1E-468E-95EE-A3AFB294F316}.Release|Any CPU.Build.0 = Release|Any CPU
	EndGlobalSection
	GlobalSection(SolutionProperties) = preSolution
		HideSolutionNode = FALSE
	EndGlobalSection
	GlobalSection(ExtensibilityGlobals) = postSolution
		SolutionGuid = {32BF47F9-B3E4-4B20-B712-AF76BBC127BC}
	EndGlobalSection
EndGlobal
